
Microsoft Visual Studio Solution File, Format Version 12.00
# Visual Studio Version 17
VisualStudioVersion = 17.6.33801.468
MinimumVisualStudioVersion = 10.0.40219.1
Project("{FAE04EC0-301F-11D3-BF4B-00C04F79EFBC}") = "BulkyWeb", "BulkyWeb.csproj", "{ED0DD04D-0CCC-4171-8A44-5EE3E0B3806D}"
EndProject
Global
	GlobalSection(SolutionConfigurationPlatforms) = preSolution
		Debug|Any CPU = Debug|Any CPU
		Release|Any CPU = Release|Any CPU
	EndGlobalSection
	GlobalSection(ProjectConfigurationPlatforms) = postSolution
		{ED0DD04D-0CCC-4171-8A44-5EE3E0B3806D}.Debug|Any CPU.ActiveCfg = Debug|Any CPU
		{ED0DD04D-0CCC-4171-8A44-5EE3E0B3806D}.Debug|Any CPU.Build.0 = Debug|Any CPU
		{ED0DD04D-0CCC-4171-8A44-5EE3E0B3806D}.Release|Any CPU.ActiveCfg = Release|Any CPU
		{ED0DD04D-0CCC-4171-8A44-5EE3E0B3806D}.Release|Any CPU.Build.0 = Release|Any CPU
	EndGlobalSection
	GlobalSection(SolutionProperties) = preSolution
		HideSolutionNode = FALSE
	EndGlobalSection
	GlobalSection(ExtensibilityGlobals) = postSolution
		SolutionGuid = {F7D57DB4-531E-4708-AB91-7FCB1599C818}
	EndGlobalSection
EndGlobal
